// !$*UTF8*$!
{
	archiveVersion = 1;
	classes = {
	};
	objectVersion = 50;
	objects = {

/* Begin PBXBuildFile section */
		C345FF2320FDCCDA0097B7F3 /* AppDelegate.swift in Sources */ = {isa = PBXBuildFile; fileRef = C345FF2220FDCCDA0097B7F3 /* AppDelegate.swift */; };
		C345FF2520FDCCDA0097B7F3 /* ViewController.swift in Sources */ = {isa = PBXBuildFile; fileRef = C345FF2420FDCCDA0097B7F3 /* ViewController.swift */; };
		C345FF2820FDCCDA0097B7F3 /* Main.storyboard in Resources */ = {isa = PBXBuildFile; fileRef = C345FF2620FDCCDA0097B7F3 /* Main.storyboard */; };
		C345FF2B20FDCCDA0097B7F3 /* CoreDataTutorial.xcdatamodeld in Sources */ = {isa = PBXBuildFile; fileRef = C345FF2920FDCCDA0097B7F3 /* CoreDataTutorial.xcdatamodeld */; };
		C345FF2D20FDCCDC0097B7F3 /* Assets.xcassets in Resources */ = {isa = PBXBuildFile; fileRef = C345FF2C20FDCCDC0097B7F3 /* Assets.xcassets */; };
		C345FF3020FDCCDC0097B7F3 /* LaunchScreen.storyboard in Resources */ = {isa = PBXBuildFile; fileRef = C345FF2E20FDCCDC0097B7F3 /* LaunchScreen.storyboard */; };
		C345FF3D20FDCD8C0097B7F3 /* User+CoreDataClass.swift in Sources */ = {isa = PBXBuildFile; fileRef = C345FF3B20FDCD8C0097B7F3 /* User+CoreDataClass.swift */; };
		C345FF3E20FDCD8C0097B7F3 /* User+CoreDataProperties.swift in Sources */ = {isa = PBXBuildFile; fileRef = C345FF3C20FDCD8C0097B7F3 /* User+CoreDataProperties.swift */; };
/* End PBXBuildFile section */

/* Begin PBXFileReference section */
		C345FF1F20FDCCDA0097B7F3 /* CoreDataTutorial.app */ = {isa = PBXFileReference; explicitFileType = wrapper.application; includeInIndex = 0; path = CoreDataTutorial.app; sourceTree = BUILT_PRODUCTS_DIR; };
		C345FF2220FDCCDA0097B7F3 /* AppDelegate.swift */ = {isa = PBXFileReference; lastKnownFileType = sourcecode.swift; path = AppDelegate.swift; sourceTree = "<group>"; };
		C345FF2420FDCCDA0097B7F3 /* ViewController.swift */ = {isa = PBXFileReference; lastKnownFileType = sourcecode.swift; path = ViewController.swift; sourceTree = "<group>"; };
		C345FF2720FDCCDA0097B7F3 /* Base */ = {isa = PBXFileReference; lastKnownFileType = file.storyboard; name = Base; path = Base.lproj/Main.storyboard; sourceTree = "<group>"; };
		C345FF2A20FDCCDA0097B7F3 /* CoreDataTutorial.xcdatamodel */ = {isa = PBXFileReference; lastKnownFileType = wrapper.xcdatamodel; path = CoreDataTutorial.xcdatamodel; sourceTree = "<group>"; };
		C345FF2C20FDCCDC0097B7F3 /* Assets.xcassets */ = {isa = PBXFileReference; lastKnownFileType = folder.assetcatalog; path = Assets.xcassets; sourceTree = "<group>"; };
		C345FF2F20FDCCDC0097B7F3 /* Base */ = {isa = PBXFileReference; lastKnownFileType = file.storyboard; name = Base; path = Base.lproj/LaunchScreen.storyboard; sourceTree = "<group>"; };
		C345FF3120FDCCDC0097B7F3 /* Info.plist */ = {isa = PBXFileReference; lastKnownFileType = text.plist.xml; path = Info.plist; sourceTree = "<group>"; };
		C345FF3B20FDCD8C0097B7F3 /* User+CoreDataClass.swift */ = {isa = PBXFileReference; lastKnownFileType = sourcecode.swift; name = "User+CoreDataClass.swift"; path = "CoreDataTutorial/Models/User+CoreDataClass.swift"; sourceTree = "<group>"; };
		C345FF3C20FDCD8C0097B7F3 /* User+CoreDataProperties.swift */ = {isa = PBXFileReference; lastKnownFileType = sourcecode.swift; name = "User+CoreDataProperties.swift"; path = "CoreDataTutorial/Models/User+CoreDataProperties.swift"; sourceTree = "<group>"; };
/* End PBXFileReference section */

/* Begin PBXFrameworksBuildPhase section */
		C345FF1C20FDCCDA0097B7F3 /* Frameworks */ = {
			isa = PBXFrameworksBuildPhase;
			buildActionMask = 2147483647;
			files = (
			);
			runOnlyForDeploymentPostprocessing = 0;
		};
/* End PBXFrameworksBuildPhase section */

/* Begin PBXGroup section */
		C345FF1620FDCCDA0097B7F3 = {
			isa = PBXGroup;
			children = (
				C345FF3B20FDCD8C0097B7F3 /* User+CoreDataClass.swift */,
				C345FF3C20FDCD8C0097B7F3 /* User+CoreDataProperties.swift */,
				C345FF2120FDCCDA0097B7F3 /* CoreDataTutorial */,
				C345FF2020FDCCDA0097B7F3 /* Products */,
			);
			sourceTree = "<group>";
		};
		C345FF2020FDCCDA0097B7F3 /* Products */ = {
			isa = PBXGroup;
			children = (
				C345FF1F20FDCCDA0097B7F3 /* CoreDataTutorial.app */,
			);
			name = Products;
			sourceTree = "<group>";
		};
		C345FF2120FDCCDA0097B7F3 /* CoreDataTutorial */ = {
			isa = PBXGroup;
			children = (
				C345FF2220FDCCDA0097B7F3 /* AppDelegate.swift */,
				C345FF2420FDCCDA0097B7F3 /* ViewController.swift */,
				C345FF2620FDCCDA0097B7F3 /* Main.storyboard */,
				C345FF2C20FDCCDC0097B7F3 /* Assets.xcassets */,
				C345FF2E20FDCCDC0097B7F3 /* LaunchScreen.storyboard */,
				C345FF3120FDCCDC0097B7F3 /* Info.plist */,
				C345FF2920FDCCDA0097B7F3 /* CoreDataTutorial.xcdatamodeld */,
			);
			path = CoreDataTutorial;
			sourceTree = "<group>";
		};
/* End PBXGroup section */

/* Begin PBXNativeTarget section */
		C345FF1E20FDCCDA0097B7F3 /* CoreDataTutorial */ = {
			isa = PBXNativeTarget;
			buildConfigurationList = C345FF3420FDCCDC0097B7F3 /* Build configuration list for PBXNativeTarget "CoreDataTutorial" */;
			buildPhases = (
				C345FF1B20FDCCDA0097B7F3 /* Sources */,
				C345FF1C20FDCCDA0097B7F3 /* Frameworks */,
				C345FF1D20FDCCDA0097B7F3 /* Resources */,
			);
			buildRules = (
			);
			dependencies = (
			);
			name = CoreDataTutorial;
			productName = CoreDataTutorial;
			productReference = C345FF1F20FDCCDA0097B7F3 /* CoreDataTutorial.app */;
			productType = "com.apple.product-type.application";
		};
/* End PBXNativeTarget section */

/* Begin PBXProject section */
		C345FF1720FDCCDA0097B7F3 /* Project object */ = {
			isa = PBXProject;
			attributes = {
				LastSwiftUpdateCheck = 0930;
				LastUpgradeCheck = 0930;
				ORGANIZATIONNAME = developer;
				TargetAttributes = {
					C345FF1E20FDCCDA0097B7F3 = {
						CreatedOnToolsVersion = 9.3;
					};
				};
			};
			buildConfigurationList = C345FF1A20FDCCDA0097B7F3 /* Build configuration list for PBXProject "CoreDataTutorial" */;
			compatibilityVersion = "Xcode 9.3";
			developmentRegion = en;
			hasScannedForEncodings = 0;
			knownRegions = (
				en,
				Base,
			);
			mainGroup = C345FF1620FDCCDA0097B7F3;
			productRefGroup = C345FF2020FDCCDA0097B7F3 /* Products */;
			projectDirPath = "";
			projectRoot = "";
			targets = (
				C345FF1E20FDCCDA0097B7F3 /* CoreDataTutorial */,
			);
		};
/* End PBXProject section */

/* Begin PBXResourcesBuildPhase section */
		C345FF1D20FDCCDA0097B7F3 /* Resources */ = {
			isa = PBXResourcesBuildPhase;
			buildActionMask = 2147483647;
			files = (
				C345FF3020FDCCDC0097B7F3 /* LaunchScreen.storyboard in Resources */,
				C345FF2D20FDCCDC0097B7F3 /* Assets.xcassets in Resources */,
				C345FF2820FDCCDA0097B7F3 /* Main.storyboard in Resources */,
			);
			runOnlyForDeploymentPostprocessing = 0;
		};
/* End PBXResourcesBuildPhase section */

/* Begin PBXSourcesBuildPhase section */
		C345FF1B20FDCCDA0097B7F3 /* Sources */ = {
			isa = PBXSourcesBuildPhase;
			buildActionMask = 2147483647;
			files = (
				C345FF2520FDCCDA0097B7F3 /* ViewController.swift in Sources */,
				C345FF2320FDCCDA0097B7F3 /* AppDelegate.swift in Sources */,
				C345FF3D20FDCD8C0097B7F3 /* User+CoreDataClass.swift in Sources */,
				C345FF3E20FDCD8C0097B7F3 /* User+CoreDataProperties.swift in Sources */,
				C345FF2B20FDCCDA0097B7F3 /* CoreDataTutorial.xcdatamodeld in Sources */,
			);
			runOnlyForDeploymentPostprocessing = 0;
		};
/* End PBXSourcesBuildPhase section */

/* Begin PBXVariantGroup section */
		C345FF2620FDCCDA0097B7F3 /* Main.storyboard */ = {
			isa = PBXVariantGroup;
			children = (
				C345FF2720FDCCDA0097B7F3 /* Base */,
			);
			name = Main.storyboard;
			sourceTree = "<group>";
		};
		C345FF2E20FDCCDC0097B7F3 /* LaunchScreen.storyboard */ = {
			isa = PBXVariantGroup;
			children = (
				C345FF2F20FDCCDC0097B7F3 /* Base */,
			);
			name = LaunchScreen.storyboard;
			sourceTree = "<group>";
		};
/* End PBXVariantGroup section */

/* Begin XCBuildConfiguration section */
		C345FF3220FDCCDC0097B7F3 /* Debug */ = {
			isa = XCBuildConfiguration;
			buildSettings = {
				ALWAYS_SEARCH_USER_PATHS = NO;
				CLANG_ANALYZER_NONNULL = YES;
				CLANG_ANALYZER_NUMBER_OBJECT_CONVERSION = YES_AGGRESSIVE;
				CLANG_CXX_LANGUAGE_STANDARD = "gnu++14";
				CLANG_CXX_LIBRARY = "libc++";
				CLANG_ENABLE_MODULES = YES;
				CLANG_ENABLE_OBJC_ARC = YES;
				CLANG_ENABLE_OBJC_WEAK = YES;
				CLANG_WARN_BLOCK_CAPTURE_AUTORELEASING = YES;
				CLANG_WARN_BOOL_CONVERSION = YES;
				CLANG_WARN_COMMA = YES;
				CLANG_WARN_CONSTANT_CONVERSION = YES;
				CLANG_WARN_DEPRECATED_OBJC_IMPLEMENTATIONS = YES;
				CLANG_WARN_DIRECT_OBJC_ISA_USAGE = YES_ERROR;
				CLANG_WARN_DOCUMENTATION_COMMENTS = YES;
				CLANG_WARN_EMPTY_BODY = YES;
				CLANG_WARN_ENUM_CONVERSION = YES;
				CLANG_WARN_INFINITE_RECURSION = YES;
				CLANG_WARN_INT_CONVERSION = YES;
				CLANG_WARN_NON_LITERAL_NULL_CONVERSION = YES;
				CLANG_WARN_OBJC_IMPLICIT_RETAIN_SELF = YES;
				CLANG_WARN_OBJC_LITERAL_CONVERSION = YES;
				CLANG_WARN_OBJC_ROOT_CLASS = YES_ERROR;
				CLANG_WARN_RANGE_LOOP_ANALYSIS = YES;
				CLANG_WARN_STRICT_PROTOTYPES = YES;
				CLANG_WARN_SUSPICIOUS_MOVE = YES;
				CLANG_WARN_UNGUARDED_AVAILABILITY = YES_AGGRESSIVE;
				CLANG_WARN_UNREACHABLE_CODE = YES;
				CLANG_WARN__DUPLICATE_METHOD_MATCH = YES;
				CODE_SIGN_IDENTITY = "iPhone Developer";
				COPY_PHASE_STRIP = NO;
				DEBUG_INFORMATION_FORMAT = dwarf;
				ENABLE_STRICT_OBJC_MSGSEND = YES;
				ENABLE_TESTABILITY = YES;
				GCC_C_LANGUAGE_STANDARD = gnu11;
				GCC_DYNAMIC_NO_PIC = NO;
				GCC_NO_COMMON_BLOCKS = YES;
				GCC_OPTIMIZATION_LEVEL = 0;
				GCC_PREPROCESSOR_DEFINITIONS = (
					"DEBUG=1",
					"$(inherited)",
				);
				GCC_WARN_64_TO_32_BIT_CONVERSION = YES;
				GCC_WARN_ABOUT_RETURN_TYPE = YES_ERROR;
				GCC_WARN_UNDECLARED_SELECTOR = YES;
				GCC_WARN_UNINITIALIZED_AUTOS = YES_AGGRESSIVE;
				GCC_WARN_UNUSED_FUNCTION = YES;
				GCC_WARN_UNUSED_VARIABLE = YES;
				IPHONEOS_DEPLOYMENT_TARGET = 11.3;
				MTL_ENABLE_DEBUG_INFO = YES;
				ONLY_ACTIVE_ARCH = YES;
				SDKROOT = iphoneos;
				SWIFT_ACTIVE_COMPILATION_CONDITIONS = DEBUG;
				SWIFT_OPTIMIZATION_LEVEL = "-Onone";
			};
			name = Debug;
		};
		C345FF3320FDCCDC0097B7F3 /* Release */ = {
			isa = XCBuildConfiguration;
			buildSettings = {
				ALWAYS_SEARCH_USER_PATHS = NO;
				CLANG_ANALYZER_NONNULL = YES;
				CLANG_ANALYZER_NUMBER_OBJECT_CONVERSION = YES_AGGRESSIVE;
				CLANG_CXX_LANGUAGE_STANDARD = "gnu++14";
				CLANG_CXX_LIBRARY = "libc++";
				CLANG_ENABLE_MODULES = YES;
				CLANG_ENABLE_OBJC_ARC = YES;
				CLANG_ENABLE_OBJC_WEAK = YES;
				CLANG_WARN_BLOCK_CAPTURE_AUTORELEASING = YES;
				CLANG_WARN_BOOL_CONVERSION = YES;
				CLANG_WARN_COMMA = YES;
				CLANG_WARN_CONSTANT_CONVERSION = YES;
				CLANG_WARN_DEPRECATED_OBJC_IMPLEMENTATIONS = YES;
				CLANG_WARN_DIRECT_OBJC_ISA_USAGE = YES_ERROR;
				CLANG_WARN_DOCUMENTATION_COMMENTS = YES;
				CLANG_WARN_EMPTY_BODY = YES;
				CLANG_WARN_ENUM_CONVERSION = YES;
				CLANG_WARN_INFINITE_RECURSION = YES;
				CLANG_WARN_INT_CONVERSION = YES;
				CLANG_WARN_NON_LITERAL_NULL_CONVERSION = YES;
				CLANG_WARN_OBJC_IMPLICIT_RETAIN_SELF = YES;
				CLANG_WARN_OBJC_LITERAL_CONVERSION = YES;
				CLANG_WARN_OBJC_ROOT_CLASS = YES_ERROR;
				CLANG_WARN_RANGE_LOOP_ANALYSIS = YES;
				CLANG_WARN_STRICT_PROTOTYPES = YES;
				CLANG_WARN_SUSPICIOUS_MOVE = YES;
				CLANG_WARN_UNGUARDED_AVAILABILITY = YES_AGGRESSIVE;
				CLANG_WARN_UNREACHABLE_CODE = YES;
				CLANG_WARN__DUPLICATE_METHOD_MATCH = YES;
				CODE_SIGN_IDENTITY = "iPhone Developer";
				COPY_PHASE_STRIP = NO;
				DEBUG_INFORMATION_FORMAT = "dwarf-with-dsym";
				ENABLE_NS_ASSERTIONS = NO;
				ENABLE_STRICT_OBJC_MSGSEND = YES;
				GCC_C_LANGUAGE_STANDARD = gnu11;
				GCC_NO_COMMON_BLOCKS = YES;
				GCC_WARN_64_TO_32_BIT_CONVERSION = YES;
				GCC_WARN_ABOUT_RETURN_TYPE = YES_ERROR;
				GCC_WARN_UNDECLARED_SELECTOR = YES;
				GCC_WARN_UNINITIALIZED_AUTOS = YES_AGGRESSIVE;
				GCC_WARN_UNUSED_FUNCTION = YES;
				GCC_WARN_UNUSED_VARIABLE = YES;
				IPHONEOS_DEPLOYMENT_TARGET = 11.3;
				MTL_ENABLE_DEBUG_INFO = NO;
				SDKROOT = iphoneos;
				SWIFT_COMPILATION_MODE = wholemodule;
				SWIFT_OPTIMIZATION_LEVEL = "-O";
				VALIDATE_PRODUCT = YES;
			};
			name = Release;
		};
		C345FF3520FDCCDC0097B7F3 /* Debug */ = {
			isa = XCBuildConfiguration;
			buildSettings = {
				ASSETCATALOG_COMPILER_APPICON_NAME = AppIcon;
				CODE_SIGN_STYLE = Automatic;
				INFOPLIST_FILE = CoreDataTutorial/Info.plist;
				LD_RUNPATH_SEARCH_PATHS = (
					"$(inherited)",
					"@executable_path/Frameworks",
				);
				PRODUCT_BUNDLE_IDENTIFIER = com.developer.demo1.CoreDataTutorial;
				PRODUCT_NAME = "$(TARGET_NAME)";
				SWIFT_VERSION = 4.0;
				TARGETED_DEVICE_FAMILY = "1,2";
			};
			name = Debug;
		};
		C345FF3620FDCCDC0097B7F3 /* Release */ = {
			isa = XCBuildConfiguration;
			buildSettings = {
				ASSETCATALOG_COMPILER_APPICON_NAME = AppIcon;
				CODE_SIGN_STYLE = Automatic;
				INFOPLIST_FILE = CoreDataTutorial/Info.plist;
				LD_RUNPATH_SEARCH_PATHS = (
					"$(inherited)",
					"@executable_path/Frameworks",
				);
				PRODUCT_BUNDLE_IDENTIFIER = com.developer.demo1.CoreDataTutorial;
				PRODUCT_NAME = "$(TARGET_NAME)";
				SWIFT_VERSION = 4.0;
				TARGETED_DEVICE_FAMILY = "1,2";
			};
			name = Release;
		};
/* End XCBuildConfiguration section */

/* Begin XCConfigurationList section */
		C345FF1A20FDCCDA0097B7F3 /* Build configuration list for PBXProject "CoreDataTutorial" */ = {
			isa = XCConfigurationList;
			buildConfigurations = (
				C345FF3220FDCCDC0097B7F3 /* Debug */,
				C345FF3320FDCCDC0097B7F3 /* Release */,
			);
			defaultConfigurationIsVisible = 0;
			defaultConfigurationName = Release;
		};
		C345FF3420FDCCDC0097B7F3 /* Build configuration list for PBXNativeTarget "CoreDataTutorial" */ = {
			isa = XCConfigurationList;
			buildConfigurations = (
				C345FF3520FDCCDC0097B7F3 /* Debug */,
				C345FF3620FDCCDC0097B7F3 /* Release */,
			);
			defaultConfigurationIsVisible = 0;
			defaultConfigurationName = Release;
		};
/* End XCConfigurationList section */

/* Begin XCVersionGroup section */
		C345FF2920FDCCDA0097B7F3 /* CoreDataTutorial.xcdatamodeld */ = {
			isa = XCVersionGroup;
			children = (
				C345FF2A20FDCCDA0097B7F3 /* CoreDataTutorial.xcdatamodel */,
			);
			currentVersion = C345FF2A20FDCCDA0097B7F3 /* CoreDataTutorial.xcdatamodel */;
			path = CoreDataTutorial.xcdatamodeld;
			sourceTree = "<group>";
			versionGroupType = wrapper.xcdatamodel;
		};
/* End XCVersionGroup section */
	};
	rootObject = C345FF1720FDCCDA0097B7F3 /* Project object */;
}
